
Microsoft Visual Studio Solution File, Format Version 12.00
# Visual Studio Version 16
VisualStudioVersion = 16.0.29001.49
MinimumVisualStudioVersion = 10.0.40219.1
Project("{FAE04EC0-301F-11D3-BF4B-00C04F79EFBC}") = "OilUtils", "OilUtils.csproj", "{DBAB5E78-4D8A-437A-9DBC-DC30FB55A74E}"
EndProject
Project("{FAE04EC0-301F-11D3-BF4B-00C04F79EFBC}") = "Interfaces", "..\Interfaces\Interfaces.csproj", "{C12BE432-2309-4B08-9156-E47FAF9ACD21}"
EndProject
Project("{FAE04EC0-301F-11D3-BF4B-00C04F79EFBC}") = "Services", "..\Services\Services.csproj", "{AB6891FE-57CC-4680-B3FB-B4D43607D679}"
EndProject
Project("{FAE04EC0-301F-11D3-BF4B-00C04F79EFBC}") = "Services.Tests", "..\Services.Tests\Services.Tests.csproj", "{4C02CE64-2FB7-4C91-96E1-BCF1BD909D4D}"
EndProject
Project("{FAE04EC0-301F-11D3-BF4B-00C04F79EFBC}") = "Infrastructure", "..\Infrastructure\Infrastructure.csproj", "{C75D2069-9052-425C-9495-04503DB67BDA}"
EndProject
Project("{FAE04EC0-301F-11D3-BF4B-00C04F79EFBC}") = "LayeringControlLibrary", "..\LayeringControlLibrary\LayeringControlLibrary.csproj", "{0A42A1E3-C885-45C2-A85C-CF7F6EE35841}"
EndProject
Project("{FAE04EC0-301F-11D3-BF4B-00C04F79EFBC}") = "Models", "..\Models\Models.csproj", "{0AF0A790-C0DB-4CF9-A19A-EA07643664B7}"
EndProject
Global
	GlobalSection(SolutionConfigurationPlatforms) = preSolution
		Debug|Any CPU = Debug|Any CPU
		Release|Any CPU = Release|Any CPU
	EndGlobalSection
	GlobalSection(ProjectConfigurationPlatforms) = postSolution
		{DBAB5E78-4D8A-437A-9DBC-DC30FB55A74E}.Debug|Any CPU.ActiveCfg = Debug|Any CPU
		{DBAB5E78-4D8A-437A-9DBC-DC30FB55A74E}.Debug|Any CPU.Build.0 = Debug|Any CPU
		{DBAB5E78-4D8A-437A-9DBC-DC30FB55A74E}.Release|Any CPU.ActiveCfg = Release|Any CPU
		{DBAB5E78-4D8A-437A-9DBC-DC30FB55A74E}.Release|Any CPU.Build.0 = Release|Any CPU
		{C12BE432-2309-4B08-9156-E47FAF9ACD21}.Debug|Any CPU.ActiveCfg = Debug|Any CPU
		{C12BE432-2309-4B08-9156-E47FAF9ACD21}.Debug|Any CPU.Build.0 = Debug|Any CPU
		{C12BE432-2309-4B08-9156-E47FAF9ACD21}.Release|Any CPU.ActiveCfg = Release|Any CPU
		{C12BE432-2309-4B08-9156-E47FAF9ACD21}.Release|Any CPU.Build.0 = Release|Any CPU
		{AB6891FE-57CC-4680-B3FB-B4D43607D679}.Debug|Any CPU.ActiveCfg = Debug|Any CPU
		{AB6891FE-57CC-4680-B3FB-B4D43607D679}.Debug|Any CPU.Build.0 = Debug|Any CPU
		{AB6891FE-57CC-4680-B3FB-B4D43607D679}.Release|Any CPU.ActiveCfg = Release|Any CPU
		{AB6891FE-57CC-4680-B3FB-B4D43607D679}.Release|Any CPU.Build.0 = Release|Any CPU
		{4C02CE64-2FB7-4C91-96E1-BCF1BD909D4D}.Debug|Any CPU.ActiveCfg = Debug|Any CPU
		{4C02CE64-2FB7-4C91-96E1-BCF1BD909D4D}.Debug|Any CPU.Build.0 = Debug|Any CPU
		{4C02CE64-2FB7-4C91-96E1-BCF1BD909D4D}.Release|Any CPU.ActiveCfg = Release|Any CPU
		{4C02CE64-2FB7-4C91-96E1-BCF1BD909D4D}.Release|Any CPU.Build.0 = Release|Any CPU
		{C75D2069-9052-425C-9495-04503DB67BDA}.Debug|Any CPU.ActiveCfg = Debug|Any CPU
		{C75D2069-9052-425C-9495-04503DB67BDA}.Debug|Any CPU.Build.0 = Debug|Any CPU
		{C75D2069-9052-425C-9495-04503DB67BDA}.Release|Any CPU.ActiveCfg = Release|Any CPU
		{C75D2069-9052-425C-9495-04503DB67BDA}.Release|Any CPU.Build.0 = Release|Any CPU
		{0A42A1E3-C885-45C2-A85C-CF7F6EE35841}.Debug|Any CPU.ActiveCfg = Debug|Any CPU
		{0A42A1E3-C885-45C2-A85C-CF7F6EE35841}.Debug|Any CPU.Build.0 = Debug|Any CPU
		{0A42A1E3-C885-45C2-A85C-CF7F6EE35841}.Release|Any CPU.ActiveCfg = Release|Any CPU
		{0A42A1E3-C885-45C2-A85C-CF7F6EE35841}.Release|Any CPU.Build.0 = Release|Any CPU
		{0AF0A790-C0DB-4CF9-A19A-EA07643664B7}.Debug|Any CPU.ActiveCfg = Debug|Any CPU
		{0AF0A790-C0DB-4CF9-A19A-EA07643664B7}.Debug|Any CPU.Build.0 = Debug|Any CPU
		{0AF0A790-C0DB-4CF9-A19A-EA07643664B7}.Release|Any CPU.ActiveCfg = Release|Any CPU
		{0AF0A790-C0DB-4CF9-A19A-EA07643664B7}.Release|Any CPU.Build.0 = Release|Any CPU
	EndGlobalSection
	GlobalSection(SolutionProperties) = preSolution
		HideSolutionNode = FALSE
	EndGlobalSection
	GlobalSection(ExtensibilityGlobals) = postSolution
		SolutionGuid = {3DFFBC07-F111-4B98-BB97-8F5684F6F472}
	EndGlobalSection
EndGlobal
